# This file is generated by running "yarn install" inside your project.
# Manual changes might be lost - proceed with caution!

__metadata:
  version: 6
  cacheKey: 8

"@types/debug@npm:^4.1.7":
  version: 4.1.7
  resolution: "@types/debug@npm:4.1.7"
  dependencies:
    "@types/ms": "*"
  checksum: 0a7b89d8ed72526858f0b61c6fd81f477853e8c4415bb97f48b1b5545248d2ae389931680b94b393b993a7cfe893537a200647d93defe6d87159b96812305adc
  languageName: node
  linkType: hard

"@types/fs-extra@npm:^9.0.13":
  version: 9.0.13
  resolution: "@types/fs-extra@npm:9.0.13"
  dependencies:
    "@types/node": "*"
  checksum: add79e212acd5ac76b97b9045834e03a7996aef60a814185e0459088fd290519a3c1620865d588fa36c4498bf614210d2a703af5cf80aa1dbc125db78f6edac3
  languageName: node
  linkType: hard

"@types/lodash-es@npm:^4.17.6":
  version: 4.17.6
  resolution: "@types/lodash-es@npm:4.17.6"
  dependencies:
    "@types/lodash": "*"
  checksum: 9bd239dd525086e278821949ce12fbdd4f100a060fed9323fc7ad5661113e1641f28a7ebab617230ed3474680d8f4de705c1928b48252bb684be6ec9eed715db
  languageName: node
  linkType: hard

"@types/lodash@npm:*":
  version: 4.14.168
  resolution: "@types/lodash@npm:4.14.168"
  checksum: 3326966ee089debde7a7d819e13b64991756e879945852c3357df14a7be837130f697c2cb451be9dd599eb7213fed0975bc9ca0f8f56b46fa73c46a83815b79c
  languageName: node
  linkType: hard

"@types/ms@npm:*":
  version: 0.7.31
  resolution: "@types/ms@npm:0.7.31"
  checksum: daadd354aedde024cce6f5aa873fefe7b71b22cd0e28632a69e8b677aeb48ae8caa1c60e5919bb781df040d116b01cb4316335167a3fc0ef6a63fa3614c0f6da
  languageName: node
  linkType: hard

"@types/node@npm:*":
  version: 14.6.4
  resolution: "@types/node@npm:14.6.4"
  checksum: 02962209acb8c82b17f5645290da5cc76ecfb6bfff87aa30b96abf55c4b9e2f643edb846bde18123be35f6fc74ca3d570dfd64ebb03b382fb009c51c32d64884
  languageName: node
  linkType: hard

"@types/node@npm:^18.0.5":
  version: 18.0.5
  resolution: "@types/node@npm:18.0.5"
  checksum: cc9c67d0074252f798d226dd95a22e0e8851cf7fc623ef4a603d9ad2c2b46650f930147062ea33719008b1de67f08f499ad693307d02f8396e6f1fead8144329
  languageName: node
  linkType: hard

"abort-controller@npm:^3.0.0":
  version: 3.0.0
  resolution: "abort-controller@npm:3.0.0"
  dependencies:
    event-target-shim: ^5.0.0
  checksum: 170bdba9b47b7e65906a28c8ce4f38a7a369d78e2271706f020849c1bfe0ee2067d4261df8bbb66eb84f79208fd5b710df759d64191db58cfba7ce8ef9c54b75
  languageName: node
  linkType: hard

"ansi-wrap@npm:0.1.0":
  version: 0.1.0
  resolution: "ansi-wrap@npm:0.1.0"
  checksum: f24f652a5e450c0561cbc7d298ffa62dcd33c72f9da34fd3c24538dbf82de8fc21b7f924dc30cd9d01360bd2893d1954f0a60eee0550ca629bb148dcbeef5c5b
  languageName: node
  linkType: hard

"ansi-yellow@npm:^0.1.1":
  version: 0.1.1
  resolution: "ansi-yellow@npm:0.1.1"
  dependencies:
    ansi-wrap: 0.1.0
  checksum: 3ec922bba1bd2214d455cfaec5927c8c9a1d536d87f295e3e42251d0db7afeb9ec897848acb9b9b100fd678e874008450aeee3ab3048a2673776932e4eb83ab3
  languageName: node
  linkType: hard

"arr-diff@npm:^1.0.1":
  version: 1.1.0
  resolution: "arr-diff@npm:1.1.0"
  dependencies:
    arr-flatten: ^1.0.1
    array-slice: ^0.2.3
  checksum: 6fa5aade29ff80a8b704bcb6ae582ad718ea9dc31f213f616ba6185e2e033ce2082f9efead3ebc7d35a992852c74f052823c8a51248f15a535f84f346aa2f402
  languageName: node
  linkType: hard

"arr-diff@npm:^2.0.0":
  version: 2.0.0
  resolution: "arr-diff@npm:2.0.0"
  dependencies:
    arr-flatten: ^1.0.1
  checksum: b56e8d34e8c8d8dba40de3235c61e3ef4e3626486d6d1c83c34fba4fe6187eff96ffde872100e834e8931e724a96ab9dbd71b0bf0068ba5a3deb7d19cb596892
  languageName: node
  linkType: hard

"arr-flatten@npm:^1.0.1":
  version: 1.1.0
  resolution: "arr-flatten@npm:1.1.0"
  checksum: 963fe12564fca2f72c055f3f6c206b9e031f7c433a0c66ca9858b484821f248c5b1e5d53c8e4989d80d764cd776cf6d9b160ad05f47bdc63022bfd63b5455e22
  languageName: node
  linkType: hard

"array-slice@npm:^0.2.3":
  version: 0.2.3
  resolution: "array-slice@npm:0.2.3"
  checksum: e0d97e8a47e78f9311177d38099c59baba45699c07bd96fa4f19d4eb1e276b7447e7b55e0bc76c56c810caee427a5e29672308f4521b0d10ff0b1c207eeadd08
  languageName: node
  linkType: hard

"array-unique@npm:^0.2.1":
  version: 0.2.1
  resolution: "array-unique@npm:0.2.1"
  checksum: 899deaf07abedf17ee89a757c7bcc9253fb248a7f6c394a1fec9ec3f3ac244314feb3048efee80ed7fdcb047960e32d7c234291bfd26b78ced668c346d9f4e3c
  languageName: node
  linkType: hard

"async@npm:^1.3.0":
  version: 1.5.2
  resolution: "async@npm:1.5.2"
  checksum: fe5d6214d8f15bd51eee5ae8ec5079b228b86d2d595f47b16369dec2e11b3ff75a567bb5f70d12d79006665fbbb7ee0a7ec0e388524eefd454ecbe651c124ebd
  languageName: node
  linkType: hard

"balanced-match@npm:^1.0.0":
  version: 1.0.0
  resolution: "balanced-match@npm:1.0.0"
  checksum: 9b67bfe558772f40cf743a3469b48b286aecec2ea9fe80c48d74845e53aab1cef524fafedf123a63019b49ac397760573ef5f173f539423061f7217cbb5fbd40
  languageName: node
  linkType: hard

"bluebird@npm:^2.9.33":
  version: 2.11.0
  resolution: "bluebird@npm:2.11.0"
  checksum: f1c6cbec64100bca65c88e5de0d9ee9bbb435f7c74c68a16a9466a8b40daf64346805c2fe04af821564ce6d4199085e7855d2e272282a065eb723344815cc354
  languageName: node
  linkType: hard

"brace-expansion@npm:^2.0.1":
  version: 2.0.1
  resolution: "brace-expansion@npm:2.0.1"
  dependencies:
    balanced-match: ^1.0.0
  checksum: a61e7cd2e8a8505e9f0036b3b6108ba5e926b4b55089eeb5550cd04a471fe216c96d4fe7e4c7f995c728c554ae20ddfc4244cad10aef255e72b62930afd233d1
  languageName: node
  linkType: hard

"braces@npm:^1.8.0, braces@npm:^1.8.2":
  version: 1.8.5
  resolution: "braces@npm:1.8.5"
  dependencies:
    expand-range: ^1.8.1
    preserve: ^0.2.0
    repeat-element: ^1.1.2
  checksum: 9ea4fb6af8c0a224e515678d7be27ddc450bd974620542a3436188d7fae263f7987406d12ea36c1d92a862e7317b089aa3a0ebda7f1f1663b9332beddc92249e
  languageName: node
  linkType: hard

"component-emitter@npm:^1.2.0":
  version: 1.3.0
  resolution: "component-emitter@npm:1.3.0"
  checksum: b3c46de38ffd35c57d1c02488355be9f218e582aec72d72d1b8bbec95a3ac1b38c96cd6e03ff015577e68f550fbb361a3bfdbd9bb248be9390b7b3745691be6b
  languageName: node
  linkType: hard

"core-util-is@npm:~1.0.0":
  version: 1.0.2
  resolution: "core-util-is@npm:1.0.2"
  checksum: 7a4c925b497a2c91421e25bf76d6d8190f0b2359a9200dbeed136e63b2931d6294d3b1893eda378883ed363cd950f44a12a401384c609839ea616befb7927dab
  languageName: node
  linkType: hard

"data-uri-to-buffer@npm:^3.0.1":
  version: 3.0.1
  resolution: "data-uri-to-buffer@npm:3.0.1"
  checksum: c59c3009686a78c071806b72f4810856ec28222f0f4e252aa495ec027ed9732298ceea99c50328cf59b151dd34cbc3ad6150bbb43e41fc56fa19f48c99e9fc30
  languageName: node
  linkType: hard

"debug@npm:^4.3.4":
  version: 4.3.4
  resolution: "debug@npm:4.3.4"
  dependencies:
    ms: 2.1.2
  peerDependenciesMeta:
    supports-color:
      optional: true
  checksum: 3dbad3f94ea64f34431a9cbf0bafb61853eda57bff2880036153438f50fb5a84f27683ba0d8e5426bf41a8c6ff03879488120cf5b3a761e77953169c0600a708
  languageName: node
  linkType: hard

"deep-extend@npm:^0.6.0":
  version: 0.6.0
  resolution: "deep-extend@npm:0.6.0"
  checksum: 7be7e5a8d468d6b10e6a67c3de828f55001b6eb515d014f7aeb9066ce36bd5717161eb47d6a0f7bed8a9083935b465bc163ee2581c8b128d29bf61092fdf57a7
  languageName: node
  linkType: hard

"detect-file@npm:^0.1.0":
  version: 0.1.0
  resolution: "detect-file@npm:0.1.0"
  dependencies:
    fs-exists-sync: ^0.1.0
  checksum: c9e6e892e47d989f99f21a507a5e444d9f08caec2adfee5fbe9046acdc707144d9d1b57d9d0459a4f061ef8eb2b3a44d87ded57b83b1686c4d9f849e7a101f7d
  languageName: node
  linkType: hard

"dotdir-regex@npm:^0.1.0":
  version: 0.1.0
  resolution: "dotdir-regex@npm:0.1.0"
  checksum: 808bb85a4b57638038c27b52d123afd24b9a0b0c445541869da42a9f310f6247633a014d1650e1c413f9a61d5e4e451acd13fbfd3f91ec305d00a35b836fcf56
  languageName: node
  linkType: hard

"ends-with@npm:^0.2.0":
  version: 0.2.0
  resolution: "ends-with@npm:0.2.0"
  checksum: 62efccbbb8286bdaac765ef67007d9667095020d5207fd55cb3a1939f1f3347769ed092fa8a8ff67640ac6b985c9d7efe47be4658172863c7d255666b92a3f45
  languageName: node
  linkType: hard

"event-target-shim@npm:^5.0.0":
  version: 5.0.1
  resolution: "event-target-shim@npm:5.0.1"
  checksum: 1ffe3bb22a6d51bdeb6bf6f7cf97d2ff4a74b017ad12284cc9e6a279e727dc30a5de6bb613e5596ff4dc3e517841339ad09a7eec44266eccb1aa201a30448166
  languageName: node
  linkType: hard

"expand-brackets@npm:^0.1.1, expand-brackets@npm:^0.1.4":
  version: 0.1.5
  resolution: "expand-brackets@npm:0.1.5"
  dependencies:
    is-posix-bracket: ^0.1.0
  checksum: 71b2971027eb026f055a1c310d24d18a266427b84fc18cadddcedb4de2e07aaef6084e252406b20e58f7aa7613f6bfbe6136962955562529a66675bf49bb10d7
  languageName: node
  linkType: hard

"expand-range@npm:^1.8.1":
  version: 1.8.2
  resolution: "expand-range@npm:1.8.2"
  dependencies:
    fill-range: ^2.1.0
  checksum: ca773ec06838d7d53cfd835b7d58c9c662a3773e5d57647ca6f83e50218efd93e29b5ee6cc1ea9c5651794e9005562cad28c4911ea06aac27323a05f3c6b787d
  languageName: node
  linkType: hard

"expand-tilde@npm:^1.2.2":
  version: 1.2.2
  resolution: "expand-tilde@npm:1.2.2"
  dependencies:
    os-homedir: ^1.0.1
  checksum: 18051cd104977bc06e2bb1347db9959b90504437beea0de6fd287a3c8c58b41e2330337bd189cfca2ee4be6bda9bf045f8c07daf23e622f85eb6ee1c420619a0
  languageName: node
  linkType: hard

"export-files@npm:^2.0.1":
  version: 2.1.1
  resolution: "export-files@npm:2.1.1"
  dependencies:
    lazy-cache: ^1.0.3
  checksum: f976aebf0293eb4d006b2b6d57c940b0349b08a4d1b4e3164fe644bfd02454db491925402517b6e9c850bfadca066538b7b527ebb4c45787021947b638eabdbe
  languageName: node
  linkType: hard

"extend-shallow@npm:^2.0.0":
  version: 2.0.1
  resolution: "extend-shallow@npm:2.0.1"
  dependencies:
    is-extendable: ^0.1.0
  checksum: 8fb58d9d7a511f4baf78d383e637bd7d2e80843bd9cd0853649108ea835208fb614da502a553acc30208e1325240bb7cc4a68473021612496bb89725483656d8
  languageName: node
  linkType: hard

"extglob@npm:^0.3.0, extglob@npm:^0.3.1":
  version: 0.3.2
  resolution: "extglob@npm:0.3.2"
  dependencies:
    is-extglob: ^1.0.0
  checksum: c1c8d5365fe4992fc5b007140cbb37292ffadcd767cb602606de4d572ff96f38620e42855f8cb75020c050aacf1eeb51212dd6312de46eab42e2200277b5fc45
  languageName: node
  linkType: hard

"fast-xml-parser@npm:^4.0.9":
  version: 4.0.9
  resolution: "fast-xml-parser@npm:4.0.9"
  dependencies:
    strnum: ^1.0.5
  bin:
    fxparser: src/cli/cli.js
  checksum: 1ef2ba1406ce9985a2e7049a4c412de0e1e64e4ee6b0890f5b5bfce6407d04ce04b61733d2ddc7ba4acf4461b57eb3718cbc595df9a023f5a79ad81f70e8425a
  languageName: node
  linkType: hard

"fetch-blob@npm:^2.1.1":
  version: 2.1.2
  resolution: "fetch-blob@npm:2.1.2"
  peerDependenciesMeta:
    domexception:
      optional: true
  checksum: 22d4487ce78ea4e52b432b0057d8d42922d5d93c0374b0bc2692cebdcb11bf8fac4f6d141b31f1633db1e9212effd38385adbd765a2c7412a621307058499214
  languageName: node
  linkType: hard

"filename-regex@npm:^2.0.0":
  version: 2.0.1
  resolution: "filename-regex@npm:2.0.1"
  checksum: ac181f8184cf49d2f08889a446995537c3967e6f6195752d903b69c7d85f134425fb1446c4e384e77390bac488b60a9658805debc5a91e8c0bc9f81340505371
  languageName: node
  linkType: hard

"fill-range@npm:^2.1.0":
  version: 2.2.4
  resolution: "fill-range@npm:2.2.4"
  dependencies:
    is-number: ^2.1.0
    isobject: ^2.0.0
    randomatic: ^3.0.0
    repeat-element: ^1.1.2
    repeat-string: ^1.5.2
  checksum: ee7cb386c983bf7ff8aa120164c8b857a937c9d2b9c4ddf47af22f9d2bb1bd03dfa821946d7246f1631e86816562dd60059e081948d0804ce2ac0ac83f7edc61
  languageName: node
  linkType: hard

"findup-sync@npm:^1.0.0":
  version: 1.0.0
  resolution: "findup-sync@npm:1.0.0"
  dependencies:
    detect-file: ^0.1.0
    is-glob: ^2.0.1
    micromatch: ^2.3.7
    resolve-dir: ^0.1.0
  checksum: 2fa30e59ebfc582dbf26141d863fc36bde41ea50871a67203fb5a968a06785603be8136934d7df96f0ba697f2ef96c0e27380c2bf44775434021405cae0502f5
  languageName: node
  linkType: hard

"for-in@npm:^0.1.3":
  version: 0.1.8
  resolution: "for-in@npm:0.1.8"
  checksum: f5bdad7811700ee6a0f96b33d72a1db966aea75a1f03c7245d147f8369305e709f53a55ee7ae8eaddcfa85c7c89bca78472be8f1bc605475ce5bb2c70f77f8da
  languageName: node
  linkType: hard

"for-in@npm:^1.0.1":
  version: 1.0.2
  resolution: "for-in@npm:1.0.2"
  checksum: 09f4ae93ce785d253ac963d94c7f3432d89398bf25ac7a24ed034ca393bf74380bdeccc40e0f2d721a895e54211b07c8fad7132e8157827f6f7f059b70b4043d
  languageName: node
  linkType: hard

"for-own@npm:^0.1.3, for-own@npm:^0.1.4":
  version: 0.1.5
  resolution: "for-own@npm:0.1.5"
  dependencies:
    for-in: ^1.0.1
  checksum: 07eb0a2e98eb55ce13b56dd11ef4fb5e619ba7380aaec388b9eec1946153d74fa734ce409e8434020557e9489a50c34bc004d55754f5863bf7d77b441d8dee8c
  languageName: node
  linkType: hard

"fs-exists-sync@npm:^0.1.0":
  version: 0.1.0
  resolution: "fs-exists-sync@npm:0.1.0"
  checksum: 850a0d6e4c03a7bd2fd25043f77cd9d6be9c3b48bb99308bcfe9c94f3f92f65f2cd3fa036e13a1b0ba7a46d2e58792f53e578f01d75fbdcd56baeb9eed63b705
  languageName: node
  linkType: hard

"fs-extra@npm:^10.1.0":
  version: 10.1.0
  resolution: "fs-extra@npm:10.1.0"
  dependencies:
    graceful-fs: ^4.2.0
    jsonfile: ^6.0.1
    universalify: ^2.0.0
  checksum: dc94ab37096f813cc3ca12f0f1b5ad6744dfed9ed21e953d72530d103cea193c2f81584a39e9dee1bea36de5ee66805678c0dddc048e8af1427ac19c00fffc50
  languageName: node
  linkType: hard

"get-value@npm:^1.1.5":
  version: 1.3.1
  resolution: "get-value@npm:1.3.1"
  dependencies:
    arr-flatten: ^1.0.1
    is-extendable: ^0.1.1
    lazy-cache: ^0.2.4
    noncharacters: ^1.1.0
  checksum: 1940cdc9b7c6cdc4f9a2cf0e3c6600369bee514327c4b62a3e2d857b6a6a3f993c39a2712672fbb5fd11e936ef8cef55031c690654cabb1b10814d77a18a54cc
  languageName: node
  linkType: hard

"glob-base@npm:^0.3.0":
  version: 0.3.0
  resolution: "glob-base@npm:0.3.0"
  dependencies:
    glob-parent: ^2.0.0
    is-glob: ^2.0.0
  checksum: d0e3054a7df6033936980a3454ee6c91bb6661300b86b7a616d822a521e089afff1f5fbbd2582f9cee9f5823aed31d90244ee2e2e55f425103d42558615df294
  languageName: node
  linkType: hard

"glob-fs-dotfiles@npm:^0.1.6":
  version: 0.1.6
  resolution: "glob-fs-dotfiles@npm:0.1.6"
  checksum: 2cfeebb75ea2cbc515d150a4427f968e9209c2e5eb06db74f69051418df590baf3d5d18fa394548c37b88dc496c7ca3bbc1bafefaeff0116abafe4da88dd70a6
  languageName: node
  linkType: hard

"glob-fs-gitignore@npm:^0.1.5":
  version: 0.1.6
  resolution: "glob-fs-gitignore@npm:0.1.6"
  dependencies:
    findup-sync: ^1.0.0
    micromatch: ^2.3.11
    parse-gitignore: ^0.2.0
  checksum: 231f789b881ed246b3018e504c27cc8002f7fc0a465ebe4d5801996f642970527f7c79efdb5d32fcc251fed58cde27b666276c450f0c97e7ceab68644194636a
  languageName: node
  linkType: hard

"glob-fs@npm:^0.1.6":
  version: 0.1.7
  resolution: "glob-fs@npm:0.1.7"
  dependencies:
    async: ^1.3.0
    bluebird: ^2.9.33
    component-emitter: ^1.2.0
    ends-with: ^0.2.0
    export-files: ^2.0.1
    extend-shallow: ^2.0.0
    get-value: ^1.1.5
    glob-fs-dotfiles: ^0.1.6
    glob-fs-gitignore: ^0.1.5
    glob-parent: ^1.2.0
    graceful-fs: ^4.1.2
    is-dotdir: ^0.1.0
    is-dotfile: ^1.0.1
    is-glob: ^2.0.0
    is-windows: ^0.1.0
    kind-of: ^2.0.0
    lazy-cache: ^0.1.0
    micromatch: "github:jonschlinkert/micromatch#2.2.0"
    mixin-object: ^2.0.0
    object-visit: ^0.1.0
    object.omit: ^1.1.0
    parse-filepath: ^0.6.1
    relative: ^3.0.1
    set-value: ^0.2.0
    starts-with: ^1.0.2
    through2: ^2.0.0
  checksum: 6bcc280fda6dc6f7af15b429e931fa8d9a65f7d18f064f7e1aaa2af6274d513abb1118e72db6e6560122093a4f5abb406c552163bbb94e38c3319b94996c07bd
  languageName: node
  linkType: hard

"glob-parent@npm:^1.2.0":
  version: 1.3.0
  resolution: "glob-parent@npm:1.3.0"
  dependencies:
    is-glob: ^2.0.0
  checksum: 8bb7cbedfca852fee301da5df91e1744cae40330eca4f1cdd64dc1937ea1162029fd71daca45d6f46a1a3b551f7c14560538833a351364fb9443046076633366
  languageName: node
  linkType: hard

"glob-parent@npm:^2.0.0":
  version: 2.0.0
  resolution: "glob-parent@npm:2.0.0"
  dependencies:
    is-glob: ^2.0.0
  checksum: 734fc461d9d2753dd490dd072df6ce41fe4ebb60e9319b108bc538707b21780af3a61c3961ec2264131fad5d3d9a493e013a775aef11a69ac2f49fd7d8f46457
  languageName: node
  linkType: hard

"global-modules@npm:^0.2.3":
  version: 0.2.3
  resolution: "global-modules@npm:0.2.3"
  dependencies:
    global-prefix: ^0.1.4
    is-windows: ^0.2.0
  checksum: 3801788df54897d994c9c8f3d09f253d1379cd879ae61fcddbcc3ecdfdf6fe23a1edb983e8d4dd24cebf7e49823752e1cd29a2d33bdb4de587de8b4a85b17e24
  languageName: node
  linkType: hard

"global-prefix@npm:^0.1.4":
  version: 0.1.5
  resolution: "global-prefix@npm:0.1.5"
  dependencies:
    homedir-polyfill: ^1.0.0
    ini: ^1.3.4
    is-windows: ^0.2.0
    which: ^1.2.12
  checksum: ea1b818a1851655ebb2341cdd5446da81c25f31ca6f0ac358a234cbed5442edc1bfa5628771466988d67d9fcc6ad09ca0e68a8d3d7e3d92f7de3aec87020e183
  languageName: node
  linkType: hard

"graceful-fs@npm:^4.1.2, graceful-fs@npm:^4.1.6, graceful-fs@npm:^4.2.0":
  version: 4.2.2
  resolution: "graceful-fs@npm:4.2.2"
  checksum: dc4c5062b68c435e5f6580b8e9b2553941712320a1becf46b1e792010ae15a9323738690415483019fa820fc3de6a7ac7c8e6d8604488874ba0c2dccac6521a5
  languageName: node
  linkType: hard

"homedir-polyfill@npm:^1.0.0":
  version: 1.0.3
  resolution: "homedir-polyfill@npm:1.0.3"
  dependencies:
    parse-passwd: ^1.0.0
  checksum: 18dd4db87052c6a2179d1813adea0c4bfcfa4f9996f0e226fefb29eb3d548e564350fa28ec46b0bf1fbc0a1d2d6922ceceb80093115ea45ff8842a4990139250
  languageName: node
  linkType: hard

"idrac6@workspace:.":
  version: 0.0.0-use.local
  resolution: "idrac6@workspace:."
  dependencies:
    "@types/debug": ^4.1.7
    "@types/fs-extra": ^9.0.13
    "@types/lodash-es": ^4.17.6
    "@types/node": ^18.0.5
    debug: ^4.3.4
    fast-xml-parser: ^4.0.9
    fs-extra: ^10.1.0
    ky: ^0.31.0
    ky-universal: ^0.9.1
    lodash-es: ^4.17.21
    prettier: ^2.7.1
    prettierrc: ^0.0.0-5
    typedoc: ^0.23.7
    typescript: ^4.7.4
  languageName: unknown
  linkType: soft

"inherits@npm:~2.0.3":
  version: 2.0.4
  resolution: "inherits@npm:2.0.4"
  checksum: 4a48a733847879d6cf6691860a6b1e3f0f4754176e4d71494c41f3475553768b10f84b5ce1d40fbd0e34e6bfbb864ee35858ad4dd2cf31e02fc4a154b724d7f1
  languageName: node
  linkType: hard

"ini@npm:^1.3.4, ini@npm:~1.3.0":
  version: 1.3.5
  resolution: "ini@npm:1.3.5"
  checksum: a4c1652f481a7770f6c4d223dbc0ea3cbbe253f7af8ddc8276e22e1185ab8252404dd0ca2ba625e4829a507b3e8e1ec3df38243d0cc4b20dbe915a22118d3f98
  languageName: node
  linkType: hard

"is-absolute@npm:^0.2.2":
  version: 0.2.6
  resolution: "is-absolute@npm:0.2.6"
  dependencies:
    is-relative: ^0.2.1
    is-windows: ^0.2.0
  checksum: 3451cf0591bb56c0837e8746d06662dd3afc277b76f6109e8446cb2a550f9d7d1dbd1e87b83c2e64d63327e0ee29d71ab19403376c84be712071309877d0a7d5
  languageName: node
  linkType: hard

"is-buffer@npm:^1.0.2, is-buffer@npm:^1.1.5":
  version: 1.1.6
  resolution: "is-buffer@npm:1.1.6"
  checksum: 4a186d995d8bbf9153b4bd9ff9fd04ae75068fe695d29025d25e592d9488911eeece84eefbd8fa41b8ddcc0711058a71d4c466dcf6f1f6e1d83830052d8ca707
  languageName: node
  linkType: hard

"is-dotdir@npm:^0.1.0":
  version: 0.1.0
  resolution: "is-dotdir@npm:0.1.0"
  dependencies:
    dotdir-regex: ^0.1.0
  checksum: e87466642f7428e1e9f630aefe2eaa4c31a604072de5f53b0d951d2e0fe45759f8d48292199c34b6d74c8c450cbe3ef0a1be1edc7d511dca634c1ae96c3d2c4b
  languageName: node
  linkType: hard

"is-dotfile@npm:^1.0.0, is-dotfile@npm:^1.0.1":
  version: 1.0.3
  resolution: "is-dotfile@npm:1.0.3"
  checksum: 5257760d998d50ba2d5b4707007c043c69da0b62172f2221505edc6671ff634581c05df494a19d8d7206d248154c2f29f8432193ee199d33b09733e66371fb35
  languageName: node
  linkType: hard

"is-equal-shallow@npm:^0.1.3":
  version: 0.1.3
  resolution: "is-equal-shallow@npm:0.1.3"
  dependencies:
    is-primitive: ^2.0.0
  checksum: 1a296b660b8749ba1449017d9572e81fe8a96764877d5f9739c523a20cc7cdfa49594c16fa17052d0c3ee4711e35fd6919b06bf1b11b7126feab61abb9503ce6
  languageName: node
  linkType: hard

"is-extendable@npm:^0.1.0, is-extendable@npm:^0.1.1":
  version: 0.1.1
  resolution: "is-extendable@npm:0.1.1"
  checksum: 3875571d20a7563772ecc7a5f36cb03167e9be31ad259041b4a8f73f33f885441f778cee1f1fe0085eb4bc71679b9d8c923690003a36a6a5fdf8023e6e3f0672
  languageName: node
  linkType: hard

"is-extglob@npm:^1.0.0":
  version: 1.0.0
  resolution: "is-extglob@npm:1.0.0"
  checksum: 5eea8517feeae5206547c0fc838c1416ec763b30093c286e1965a05f46b74a59ad391f912565f3b67c9c31cab4769ab9c35420e016b608acb47309be8d0d6e94
  languageName: node
  linkType: hard

"is-glob@npm:^1.1.3":
  version: 1.1.3
  resolution: "is-glob@npm:1.1.3"
  checksum: c5c687f267e3c8f68fe0c3b61779fa76bf7d8530a18f652731d32276793b4c0c71c7c5aee426f3ebae476c8b045891a508ebcee492b0fec5005c0f94110649bd
  languageName: node
  linkType: hard

"is-glob@npm:^2.0.0, is-glob@npm:^2.0.1":
  version: 2.0.1
  resolution: "is-glob@npm:2.0.1"
  dependencies:
    is-extglob: ^1.0.0
  checksum: 089f5f93640072491396a5f075ce73e949a90f35832b782bc49a6b7637d58e392d53cb0b395e059ccab70fcb82ff35d183f6f9ebbcb43227a1e02e3fed5430c9
  languageName: node
  linkType: hard

"is-number@npm:^2.1.0":
  version: 2.1.0
  resolution: "is-number@npm:2.1.0"
  dependencies:
    kind-of: ^3.0.2
  checksum: d80e041a43a8de31ecc02037d532f1f448ec9c5b6c02fe7ee67bdd45d21cd9a4b3b4cf07e428ae5adafc2f17408c49fcb0a227915916d94a16d576c39e689f60
  languageName: node
  linkType: hard

"is-number@npm:^4.0.0":
  version: 4.0.0
  resolution: "is-number@npm:4.0.0"
  checksum: e71962a5ae97400211e6be5946eff2b81d3fa85154dad498bfe2704999e63ac6b3f8591fdb7971a121122cc6e25915c2cfe882ff7b77e243d51b92ca6961267e
  languageName: node
  linkType: hard

"is-posix-bracket@npm:^0.1.0":
  version: 0.1.1
  resolution: "is-posix-bracket@npm:0.1.1"
  checksum: 8a6391b41e7acef6898e64b00e06885b28c14b0c76398d3251a6ab1e5350d495dd32ec3f7f88f3f877558ce4b970939356fb315ee607f8f99a1716d4db7bdd40
  languageName: node
  linkType: hard

"is-primitive@npm:^2.0.0":
  version: 2.0.0
  resolution: "is-primitive@npm:2.0.0"
  checksum: 4d63fe952e31a4bc1d1a65d72f8485f5952407dce8d1cd8d8f070586936ea9ae2df79e0a83956b224aa7776cbbf5767eba3277f28119c36a616b20a439f057c0
  languageName: node
  linkType: hard

"is-relative@npm:^0.2.1":
  version: 0.2.1
  resolution: "is-relative@npm:0.2.1"
  dependencies:
    is-unc-path: ^0.1.1
  checksum: 9923fbec5fbd9354f757ff1a133638e7f9bb06f586b215dc747823fe90ba455c9392ac5b1e2cf0a5896138a5efd3ba35895116790e8737307dbd6e5398a50281
  languageName: node
  linkType: hard

"is-unc-path@npm:^0.1.1":
  version: 0.1.2
  resolution: "is-unc-path@npm:0.1.2"
  dependencies:
    unc-path-regex: ^0.1.0
  checksum: 47fd6f18294d9b107683322a4a659c1bf83f3a98c8e751c449e3b6d21def8d1f5b910e7e9ce28d08c3bb2897d5d494ebab5bcc224f328624d2a6d24d0a8d1e9b
  languageName: node
  linkType: hard

"is-windows@npm:^0.1.0":
  version: 0.1.1
  resolution: "is-windows@npm:0.1.1"
  checksum: a9dfe3d08578a67b2c617a9033bacab3fa6badbb01460a204db7c59d525f0e4f28b1ec66561e7bbb1c9495b6859ff2e2f0b74e5aa7a3a3522875ca9b0d133561
  languageName: node
  linkType: hard

"is-windows@npm:^0.2.0":
  version: 0.2.0
  resolution: "is-windows@npm:0.2.0"
  checksum: 3df25afda2fd9f3926b08cebacf1fc0a1fe7805a2cb73ef0f1b911c949e4e7648c4623979d74b4502bdd9af69471101eb6051b751595f7f88569148186cf7a7a
  languageName: node
  linkType: hard

"isarray@npm:1.0.0, isarray@npm:~1.0.0":
  version: 1.0.0
  resolution: "isarray@npm:1.0.0"
  checksum: f032df8e02dce8ec565cf2eb605ea939bdccea528dbcf565cdf92bfa2da9110461159d86a537388ef1acef8815a330642d7885b29010e8f7eac967c9993b65ab
  languageName: node
  linkType: hard

"isexe@npm:^2.0.0":
  version: 2.0.0
  resolution: "isexe@npm:2.0.0"
  checksum: 26bf6c5480dda5161c820c5b5c751ae1e766c587b1f951ea3fcfc973bafb7831ae5b54a31a69bd670220e42e99ec154475025a468eae58ea262f813fdc8d1c62
  languageName: node
  linkType: hard

"isobject@npm:^1.0.0":
  version: 1.0.2
  resolution: "isobject@npm:1.0.2"
  checksum: 7ee5666ab05f75bc60b232900d9342a0a94a229b50cf9de62ca2a47bd80ec1c02b17852690ccf0f40bc604aeaedde5870f4c1d4ed26bc1caa38368cf7d32fa07
  languageName: node
  linkType: hard

"isobject@npm:^2.0.0":
  version: 2.1.0
  resolution: "isobject@npm:2.1.0"
  dependencies:
    isarray: 1.0.0
  checksum: 811c6f5a866877d31f0606a88af4a45f282544de886bf29f6a34c46616a1ae2ed17076cc6bf34c0128f33eecf7e1fcaa2c82cf3770560d3e26810894e96ae79f
  languageName: node
  linkType: hard

"jsonc-parser@npm:^3.0.0":
  version: 3.1.0
  resolution: "jsonc-parser@npm:3.1.0"
  checksum: 81b00c565c60cb1b400523a918d42ad9c7bb3d9cf34c708bf78d37c8c496ecd670c3ff8828f2f60aa6e6627ef4287982794ddf92261ea71e320973c54b29fb22
  languageName: node
  linkType: hard

"jsonfile@npm:^6.0.1":
  version: 6.1.0
  resolution: "jsonfile@npm:6.1.0"
  dependencies:
    graceful-fs: ^4.1.6
    universalify: ^2.0.0
  dependenciesMeta:
    graceful-fs:
      optional: true
  checksum: 7af3b8e1ac8fe7f1eccc6263c6ca14e1966fcbc74b618d3c78a0a2075579487547b94f72b7a1114e844a1e15bb00d440e5d1720bfc4612d790a6f285d5ea8354
  languageName: node
  linkType: hard

"kind-of@npm:^1.1.0":
  version: 1.1.0
  resolution: "kind-of@npm:1.1.0"
  checksum: 29a95ed9d72d2bc8e3cc86dc461b5a61bde9e931f39158c183d76c5c9b83a0659766520f202473f45b06bce517eece7af061e04ba5fcdfbffe7eb80aedf4743a
  languageName: node
  linkType: hard

"kind-of@npm:^2.0.0":
  version: 2.0.1
  resolution: "kind-of@npm:2.0.1"
  dependencies:
    is-buffer: ^1.0.2
  checksum: 043df2943e113bca612d26224947395e9673bb3808d94aed30e47fbf0bafd618e2a29ff0ca2d5498f64332c320fff07f0aa9d6edfc20906a93c1b8792f11759c
  languageName: node
  linkType: hard

"kind-of@npm:^3.0.2":
  version: 3.2.2
  resolution: "kind-of@npm:3.2.2"
  dependencies:
    is-buffer: ^1.1.5
  checksum: e898df8ca2f31038f27d24f0b8080da7be274f986bc6ed176f37c77c454d76627619e1681f6f9d2e8d2fd7557a18ecc419a6bb54e422abcbb8da8f1a75e4b386
  languageName: node
  linkType: hard

"kind-of@npm:^6.0.0":
  version: 6.0.2
  resolution: "kind-of@npm:6.0.2"
  checksum: a2978b5694d4162d41f2d0f56bb5f587971fd0908331142e1a666fa5abd92cad535d99bf2058bd0b6dc1d07706e4f86818a09afcee98a74b36045ac62d462baf
  languageName: node
  linkType: hard

"ky-universal@npm:^0.9.1":
  version: 0.9.1
  resolution: "ky-universal@npm:0.9.1"
  dependencies:
    abort-controller: ^3.0.0
    node-fetch: 3.0.0-beta.9
  peerDependencies:
    ky: ">=0.26.0"
    web-streams-polyfill: ">=3.0.1"
  peerDependenciesMeta:
    web-streams-polyfill:
      optional: true
  checksum: 05f3cab617cc34e8fe93b188fbf71d2c710cccacfb8490a19c9dd4ae89655b389d3b1967a9d4cccdf8777055b03ef1323752fa625380eae3dbd169cd19c8f137
  languageName: node
  linkType: hard

"ky@npm:^0.31.0":
  version: 0.31.0
  resolution: "ky@npm:0.31.0"
  checksum: 11b66a37c94dfc768a79da2f6c6d0b39a721124506c83c4e051ffc485ad416accd40036cc7d28a88a8dab72381f73c8336dce8410101bbe3ddd9dab08f896646
  languageName: node
  linkType: hard

"lazy-cache@npm:^0.1.0":
  version: 0.1.0
  resolution: "lazy-cache@npm:0.1.0"
  dependencies:
    ansi-yellow: ^0.1.1
  checksum: 99c642b38091945bc90aa63a62b6be10b6ae5c1c1a5a398be29975c4864557922798007eb57d94944490619b3d0b63988ab3d26a80897cc99f6e4c85e6b406ab
  languageName: node
  linkType: hard

"lazy-cache@npm:^0.2.4":
  version: 0.2.7
  resolution: "lazy-cache@npm:0.2.7"
  checksum: b4538aff20db586c354f31de3ed59ea2c8d5dc4f01141bf49f07601e7ca0d7ed43a3f49362ade49b1e18ab1f3d121df0f2c9ea9b599b44dd54fb0c0db253c8b9
  languageName: node
  linkType: hard

"lazy-cache@npm:^1.0.3":
  version: 1.0.4
  resolution: "lazy-cache@npm:1.0.4"
  checksum: e6650c22e5de1cc3f4a0c25d2b35fe9cd400473c1b3562be9fceadf8f368d708b54d24f5aa51b321b090da65b36426823a8f706b8dbdd68270db0daba812c5d3
  languageName: node
  linkType: hard

"lodash-es@npm:^4.17.21":
  version: 4.17.21
  resolution: "lodash-es@npm:4.17.21"
  checksum: 05cbffad6e2adbb331a4e16fbd826e7faee403a1a04873b82b42c0f22090f280839f85b95393f487c1303c8a3d2a010048bf06151a6cbe03eee4d388fb0a12d2
  languageName: node
  linkType: hard

"lodash@npm:4.17.21":
  version: 4.17.21
  resolution: "lodash@npm:4.17.21"
  checksum: eb835a2e51d381e561e508ce932ea50a8e5a68f4ebdd771ea240d3048244a8d13658acbd502cd4829768c56f2e16bdd4340b9ea141297d472517b83868e677f7
  languageName: node
  linkType: hard

"lunr@npm:^2.3.9":
  version: 2.3.9
  resolution: "lunr@npm:2.3.9"
  checksum: 176719e24fcce7d3cf1baccce9dd5633cd8bdc1f41ebe6a180112e5ee99d80373fe2454f5d4624d437e5a8319698ca6837b9950566e15d2cae5f2a543a3db4b8
  languageName: node
  linkType: hard

"map-cache@npm:^0.2.0":
  version: 0.2.2
  resolution: "map-cache@npm:0.2.2"
  checksum: 3067cea54285c43848bb4539f978a15dedc63c03022abeec6ef05c8cb6829f920f13b94bcaf04142fc6a088318e564c4785704072910d120d55dbc2e0c421969
  languageName: node
  linkType: hard

"marked@npm:^4.0.16":
  version: 4.0.18
  resolution: "marked@npm:4.0.18"
  bin:
    marked: bin/marked.js
  checksum: a13e886d5059a8500a6fd552feecc16e18fc3636aa491fce372384b1fdea67e323d67ac49f7618f6977e66ca96e39f27400eb5c1273d5ee9c2301e8c33e90dce
  languageName: node
  linkType: hard

"math-random@npm:^1.0.1":
  version: 1.0.4
  resolution: "math-random@npm:1.0.4"
  checksum: 9edf31ea337bba21994eb968218fd571d55fce86b51661158d8e241886b73121d9e1a35a5bb8997dba8ce67417a83c8dbd0811917248f886840035b7f1c667b9
  languageName: node
  linkType: hard

"micromatch@github:jonschlinkert/micromatch#2.2.0":
  version: 2.2.0
  resolution: "micromatch@https://github.com/jonschlinkert/micromatch.git#commit=8549a4021c6a9133c4501a9cdda5fff4a3fbe4d3"
  dependencies:
    arr-diff: ^1.0.1
    array-unique: ^0.2.1
    braces: ^1.8.0
    expand-brackets: ^0.1.1
    extglob: ^0.3.0
    filename-regex: ^2.0.0
    is-glob: ^1.1.3
    kind-of: ^1.1.0
    object.omit: ^1.1.0
    parse-glob: ^3.0.1
    regex-cache: ^0.4.2
  checksum: 5df8e9e9189f98614edab8420a1f3f739709bb6ee1fe21f878c671d9faba63d74f1f9d43b894f45118eca0f2bb28ce528f0c1ecb4f55ed2de6d001dd5dc51085
  languageName: node
  linkType: hard

"micromatch@npm:^2.3.11, micromatch@npm:^2.3.7":
  version: 2.3.11
  resolution: "micromatch@npm:2.3.11"
  dependencies:
    arr-diff: ^2.0.0
    array-unique: ^0.2.1
    braces: ^1.8.2
    expand-brackets: ^0.1.4
    extglob: ^0.3.1
    filename-regex: ^2.0.0
    is-extglob: ^1.0.0
    is-glob: ^2.0.1
    kind-of: ^3.0.2
    normalize-path: ^2.0.1
    object.omit: ^2.0.0
    parse-glob: ^3.0.4
    regex-cache: ^0.4.2
  checksum: 562681808a3149c77ba90947cb8cf1874ea6d07da6fa86416a4f9454f847fb6329aea5234e1af060d9465d9bb14eaaf4bc6c482bf24bc561649042f2b81d3092
  languageName: node
  linkType: hard

"minimatch@npm:^5.1.0":
  version: 5.1.0
  resolution: "minimatch@npm:5.1.0"
  dependencies:
    brace-expansion: ^2.0.1
  checksum: 15ce53d31a06361e8b7a629501b5c75491bc2b59712d53e802b1987121d91b433d73fcc5be92974fde66b2b51d8fb28d75a9ae900d249feb792bb1ba2a4f0a90
  languageName: node
  linkType: hard

"minimist@npm:^1.2.0":
  version: 1.2.0
  resolution: "minimist@npm:1.2.0"
  checksum: 72473f0fce6692cf1e134dfdccfcfddd64d354d465dac3e43053e0c6d398eb9684c9d964f666e3c1be93829de47cb1ddf3cd26d4071322ed25fbaa625441dd85
  languageName: node
  linkType: hard

"mixin-object@npm:^2.0.0":
  version: 2.0.1
  resolution: "mixin-object@npm:2.0.1"
  dependencies:
    for-in: ^0.1.3
    is-extendable: ^0.1.1
  checksum: 7d0eb7c2f06435fcc01d132824b4c973a0df689a117d8199d79911b506363b6f4f86a84458a63f3acfa7388f3052612cfe27105400b4932678452925a9739a4c
  languageName: node
  linkType: hard

"ms@npm:2.1.2":
  version: 2.1.2
  resolution: "ms@npm:2.1.2"
  checksum: 673cdb2c3133eb050c745908d8ce632ed2c02d85640e2edb3ace856a2266a813b30c613569bf3354fdf4ea7d1a1494add3bfa95e2713baa27d0c2c71fc44f58f
  languageName: node
  linkType: hard

"node-fetch@npm:3.0.0-beta.9":
  version: 3.0.0-beta.9
  resolution: "node-fetch@npm:3.0.0-beta.9"
  dependencies:
    data-uri-to-buffer: ^3.0.1
    fetch-blob: ^2.1.1
  checksum: 586af0910649cb62f1c044ddac41e71c0b0f48133fba406ad5e0fab51baff18f22cd187ea65ef690ceed7386a71910e904348105dc8eae55f907fa94df7e76ca
  languageName: node
  linkType: hard

"noncharacters@npm:^1.1.0":
  version: 1.1.0
  resolution: "noncharacters@npm:1.1.0"
  checksum: 2ffe43515bbe34242fe365997eddcba0a38e69ac2def738f2d0426db0531e3305e257edd99068d8656f9a0c22958e759517547de450813f9032b60ac21c5a01d
  languageName: node
  linkType: hard

"normalize-path@npm:^2.0.1":
  version: 2.1.1
  resolution: "normalize-path@npm:2.1.1"
  dependencies:
    remove-trailing-separator: ^1.0.1
  checksum: 7e9cbdcf7f5b8da7aa191fbfe33daf290cdcd8c038f422faf1b8a83c972bf7a6d94c5be34c4326cb00fb63bc0fd97d9fbcfaf2e5d6142332c2cd36d2e1b86cea
  languageName: node
  linkType: hard

"object-visit@npm:^0.1.0":
  version: 0.1.0
  resolution: "object-visit@npm:0.1.0"
  dependencies:
    isobject: ^1.0.0
  checksum: 4ef2c306717367e171e3550a0b86ceb332b5789ac2600ef8c83db33f5ded1735fe9e641f253c37a354e1ef623996ac9979054c7bf0626b3c6e7be2a5ef509a79
  languageName: node
  linkType: hard

"object.omit@npm:^1.1.0":
  version: 1.1.0
  resolution: "object.omit@npm:1.1.0"
  dependencies:
    for-own: ^0.1.3
    isobject: ^1.0.0
  checksum: 4a941262b86a0ce0c432e3a6b836dbafacc9fd1fdabf82d2579ac57d2956653c715dbce17b51dac2f073d84ceefc9c4d431aff4113473883ae97d83855f70296
  languageName: node
  linkType: hard

"object.omit@npm:^2.0.0":
  version: 2.0.1
  resolution: "object.omit@npm:2.0.1"
  dependencies:
    for-own: ^0.1.4
    is-extendable: ^0.1.1
  checksum: 581de24e16b72388ad294693daef29072943ef8db3da16aaeb580b5ecefacabe58a744893e9d1564e29130d3465c96ba3e13a03fd130d14f3e06525b3176cac4
  languageName: node
  linkType: hard

"os-homedir@npm:^1.0.1":
  version: 1.0.2
  resolution: "os-homedir@npm:1.0.2"
  checksum: af609f5a7ab72de2f6ca9be6d6b91a599777afc122ac5cad47e126c1f67c176fe9b52516b9eeca1ff6ca0ab8587fe66208bc85e40a3940125f03cdb91408e9d2
  languageName: node
  linkType: hard

"parse-filepath@npm:^0.6.1":
  version: 0.6.3
  resolution: "parse-filepath@npm:0.6.3"
  dependencies:
    is-absolute: ^0.2.2
    map-cache: ^0.2.0
  checksum: 32ac1d4bfce7a8ad106a4a8bc62efe337223382bffe9a970634db46ff13e5b3e0823076b0f0fba7a05b02b9a4a39fc8164c0000b29e52898bf165f415e04c290
  languageName: node
  linkType: hard

"parse-gitignore@npm:^0.2.0":
  version: 0.2.0
  resolution: "parse-gitignore@npm:0.2.0"
  dependencies:
    ends-with: ^0.2.0
    is-glob: ^2.0.0
    starts-with: ^1.0.0
  checksum: 0aa9efbbf225cb67465f36abcb5fdcaa3ef1f6f7bb3a57144ebcc2ac407f3443cb637ee434b380de5f3cc5ee03da6c696e289109fdbfd04143d2fb98b9605c6f
  languageName: node
  linkType: hard

"parse-glob@npm:^3.0.1, parse-glob@npm:^3.0.4":
  version: 3.0.4
  resolution: "parse-glob@npm:3.0.4"
  dependencies:
    glob-base: ^0.3.0
    is-dotfile: ^1.0.0
    is-extglob: ^1.0.0
    is-glob: ^2.0.0
  checksum: 447bc442d76522c5e03b5babc8582d4a37fe9d59b3e5ef8d7ddae4e03060637ae38d5d28686e03c27e4d20be34983b5cb053cf8b066d34be0f9d1867eb677e45
  languageName: node
  linkType: hard

"parse-passwd@npm:^1.0.0":
  version: 1.0.0
  resolution: "parse-passwd@npm:1.0.0"
  checksum: 4e55e0231d58f828a41d0f1da2bf2ff7bcef8f4cb6146e69d16ce499190de58b06199e6bd9b17fbf0d4d8aef9052099cdf8c4f13a6294b1a522e8e958073066e
  languageName: node
  linkType: hard

"preserve@npm:^0.2.0":
  version: 0.2.0
  resolution: "preserve@npm:0.2.0"
  checksum: dd31d4fd0e6b218cac7178712ae0683c96e6eaa3e5490a37aba6d47095f87c47ffe980a3061ebe72ca07cb2a9a4f1a41bbeecee8944ec77be311c294e05b2e43
  languageName: node
  linkType: hard

"prettier@npm:^2.7.1":
  version: 2.7.1
  resolution: "prettier@npm:2.7.1"
  bin:
    prettier: bin-prettier.js
  checksum: 55a4409182260866ab31284d929b3cb961e5fdb91fe0d2e099dac92eaecec890f36e524b4c19e6ceae839c99c6d7195817579cdffc8e2c80da0cb794463a748b
  languageName: node
  linkType: hard

"prettierrc@npm:^0.0.0-5":
  version: 0.0.0-5
  resolution: "prettierrc@npm:0.0.0-5"
  dependencies:
    glob-fs: ^0.1.6
    lodash: ^4.17.4
    rc: ^1.2.1
  peerDependencies:
    prettier: ^1.3.1
  bin:
    prettierrc: index.js
  checksum: b43d2244e54523052b06263dfb85585cd02a0bf7ad34945d53085d96186d52ed86a00183f5f5eee2ffac0c3a3032c63ba968d6dc43e9245a340855d6145a7c02
  languageName: node
  linkType: hard

"process-nextick-args@npm:~2.0.0":
  version: 2.0.1
  resolution: "process-nextick-args@npm:2.0.1"
  checksum: 1d38588e520dab7cea67cbbe2efdd86a10cc7a074c09657635e34f035277b59fbb57d09d8638346bf7090f8e8ebc070c96fa5fd183b777fff4f5edff5e9466cf
  languageName: node
  linkType: hard

"randomatic@npm:^3.0.0":
  version: 3.1.1
  resolution: "randomatic@npm:3.1.1"
  dependencies:
    is-number: ^4.0.0
    kind-of: ^6.0.0
    math-random: ^1.0.1
  checksum: 1952baed71801d3698fe84f3ab01e25ea124fc20ce91e133aa1981268c1347647f9ae1fdc62389db2411ebdad61c0f7cea0ce840dee260ad2adadfcf27299018
  languageName: node
  linkType: hard

"rc@npm:^1.2.1":
  version: 1.2.8
  resolution: "rc@npm:1.2.8"
  dependencies:
    deep-extend: ^0.6.0
    ini: ~1.3.0
    minimist: ^1.2.0
    strip-json-comments: ~2.0.1
  bin:
    rc: ./cli.js
  checksum: 2e26e052f8be2abd64e6d1dabfbd7be03f80ec18ccbc49562d31f617d0015fbdbcf0f9eed30346ea6ab789e0fdfe4337f033f8016efdbee0df5354751842080e
  languageName: node
  linkType: hard

"readable-stream@npm:~2.3.6":
  version: 2.3.6
  resolution: "readable-stream@npm:2.3.6"
  dependencies:
    core-util-is: ~1.0.0
    inherits: ~2.0.3
    isarray: ~1.0.0
    process-nextick-args: ~2.0.0
    safe-buffer: ~5.1.1
    string_decoder: ~1.1.1
    util-deprecate: ~1.0.1
  checksum: 686bbf9e2300cd24bbd71ba8999202613ef19441da9223bfe2c7da4f0dfab233302e2604846e9b8e814664ccdf365881e593da963ac9e2120abfa21f14f257fb
  languageName: node
  linkType: hard

"regex-cache@npm:^0.4.2":
  version: 0.4.4
  resolution: "regex-cache@npm:0.4.4"
  dependencies:
    is-equal-shallow: ^0.1.3
  checksum: fdaf756fbd7048a34dc454ab6da678828148d34ac8e3701636bd747fd9d2df1191f6f80669f7ce7c4173e4631a92d3943ce4dc2a43a1acfa7c5308cdd49a1587
  languageName: node
  linkType: hard

"relative@npm:^3.0.1":
  version: 3.0.2
  resolution: "relative@npm:3.0.2"
  dependencies:
    isobject: ^2.0.0
  checksum: fb64143ad7175c625e51f618fd1f2ca08232af78327035356bfedc87c8010709130d9f206f185c484f3a1f371fa11ffba802e93f9749c491bd73e864395d80ac
  languageName: node
  linkType: hard

"remove-trailing-separator@npm:^1.0.1":
  version: 1.1.0
  resolution: "remove-trailing-separator@npm:1.1.0"
  checksum: d3c20b5a2d987db13e1cca9385d56ecfa1641bae143b620835ac02a6b70ab88f68f117a0021838db826c57b31373d609d52e4f31aca75fc490c862732d595419
  languageName: node
  linkType: hard

"repeat-element@npm:^1.1.2":
  version: 1.1.3
  resolution: "repeat-element@npm:1.1.3"
  checksum: 0743a136b484117016ad587577ede60a3ffe604b74e57bd5d7d0aa041fe2f1c956e6b2f3ff83c86f4db9fac022c3fa2da8e58b9d3618b8b4cb1c3d041bcc422f
  languageName: node
  linkType: hard

"repeat-string@npm:^1.5.2":
  version: 1.6.1
  resolution: "repeat-string@npm:1.6.1"
  checksum: 1b809fc6db97decdc68f5b12c4d1a671c8e3f65ec4a40c238bc5200e44e85bcc52a54f78268ab9c29fcf5fe4f1343e805420056d1f30fa9a9ee4c2d93e3cc6c0
  languageName: node
  linkType: hard

"resolve-dir@npm:^0.1.0":
  version: 0.1.1
  resolution: "resolve-dir@npm:0.1.1"
  dependencies:
    expand-tilde: ^1.2.2
    global-modules: ^0.2.3
  checksum: cc3e1885938f8fe9656a6faa651e21730d369260e907b8dd7c847a4aa18db348ac08ee0dbf2d6f87e2ba08715fb109432ec773bbb31698381bd2a48c0ea66072
  languageName: node
  linkType: hard

"safe-buffer@npm:~5.1.0, safe-buffer@npm:~5.1.1":
  version: 5.1.2
  resolution: "safe-buffer@npm:5.1.2"
  checksum: f2f1f7943ca44a594893a852894055cf619c1fbcb611237fc39e461ae751187e7baf4dc391a72125e0ac4fb2d8c5c0b3c71529622e6a58f46b960211e704903c
  languageName: node
  linkType: hard

"set-value@npm:^0.2.0":
  version: 0.2.0
  resolution: "set-value@npm:0.2.0"
  dependencies:
    isobject: ^1.0.0
    noncharacters: ^1.1.0
  checksum: 375880a54382f5f54e440edd20d4cc60a937464cc8a4c867e613f969cc7d01b7e3d28376db248bb9bd69ea3437976e92e2b146cb8ccb313e66136fd1fd4147e0
  languageName: node
  linkType: hard

"shiki@npm:^0.10.1":
  version: 0.10.1
  resolution: "shiki@npm:0.10.1"
  dependencies:
    jsonc-parser: ^3.0.0
    vscode-oniguruma: ^1.6.1
    vscode-textmate: 5.2.0
  checksum: fb746f3cb3de7e545e3b10a6cb658d3938f840e4ccc9a3c90ceb7e69a8f89dbb432171faac1e9f02a03f103684dad88ee5e54b5c4964fa6b579fca6e8e26424d
  languageName: node
  linkType: hard

"starts-with@npm:^1.0.0, starts-with@npm:^1.0.2":
  version: 1.0.2
  resolution: "starts-with@npm:1.0.2"
  checksum: a5d58cc144665b09de89beb5028efe2acf0607533fe97225b9392998c24c69a452912d889145ea232792643f3c36f985a3eb667b75e568aa9251c935dd45d159
  languageName: node
  linkType: hard

"string_decoder@npm:~1.1.1":
  version: 1.1.1
  resolution: "string_decoder@npm:1.1.1"
  dependencies:
    safe-buffer: ~5.1.0
  checksum: 9ab7e56f9d60a28f2be697419917c50cac19f3e8e6c28ef26ed5f4852289fe0de5d6997d29becf59028556f2c62983790c1d9ba1e2a3cc401768ca12d5183a5b
  languageName: node
  linkType: hard

"strip-json-comments@npm:~2.0.1":
  version: 2.0.1
  resolution: "strip-json-comments@npm:2.0.1"
  checksum: 1074ccb63270d32ca28edfb0a281c96b94dc679077828135141f27d52a5a398ef5e78bcf22809d23cadc2b81dfbe345eb5fd8699b385c8b1128907dec4a7d1e1
  languageName: node
  linkType: hard

"strnum@npm:^1.0.5":
  version: 1.0.5
  resolution: "strnum@npm:1.0.5"
  checksum: 651b2031db5da1bf4a77fdd2f116a8ac8055157c5420f5569f64879133825915ad461513e7202a16d7fec63c54fd822410d0962f8ca12385c4334891b9ae6dd2
  languageName: node
  linkType: hard

"through2@npm:^2.0.0":
  version: 2.0.5
  resolution: "through2@npm:2.0.5"
  dependencies:
    readable-stream: ~2.3.6
    xtend: ~4.0.1
  checksum: beb0f338aa2931e5660ec7bf3ad949e6d2e068c31f4737b9525e5201b824ac40cac6a337224856b56bd1ddd866334bbfb92a9f57cd6f66bc3f18d3d86fc0fe50
  languageName: node
  linkType: hard

"typedoc@npm:^0.23.7":
  version: 0.23.7
  resolution: "typedoc@npm:0.23.7"
  dependencies:
    lunr: ^2.3.9
    marked: ^4.0.16
    minimatch: ^5.1.0
    shiki: ^0.10.1
  peerDependencies:
    typescript: 4.6.x || 4.7.x
  bin:
    typedoc: bin/typedoc
  checksum: 70e4462602a989c51657111db8689947d7ac0e938b2edee1045b279808c56a6ffd2d42ed0f8080645e28bc8c84f82cb3faec54ea5cc5b5fd62d2fc4ea4548297
  languageName: node
  linkType: hard

"typescript@npm:^4.7.4":
  version: 4.7.4
  resolution: "typescript@npm:4.7.4"
  bin:
    tsc: bin/tsc
    tsserver: bin/tsserver
  checksum: 5750181b1cd7e6482c4195825547e70f944114fb47e58e4aa7553e62f11b3f3173766aef9c281783edfd881f7b8299cf35e3ca8caebe73d8464528c907a164df
  languageName: node
  linkType: hard

"typescript@patch:typescript@^4.7.4#~builtin<compat/typescript>":
  version: 4.7.4
  resolution: "typescript@patch:typescript@npm%3A4.7.4#~builtin<compat/typescript>::version=4.7.4&hash=7ad353"
  bin:
    tsc: bin/tsc
    tsserver: bin/tsserver
  checksum: 9096d8f6c16cb80ef3bf96fcbbd055bf1c4a43bd14f3b7be45a9fbe7ada46ec977f604d5feed3263b4f2aa7d4c7477ce5f9cd87de0d6feedec69a983f3a4f93e
  languageName: node
  linkType: hard

"unc-path-regex@npm:^0.1.0":
  version: 0.1.2
  resolution: "unc-path-regex@npm:0.1.2"
  checksum: a05fa2006bf4606051c10fc7968f08ce7b28fa646befafa282813aeb1ac1a56f65cb1b577ca7851af2726198d59475bb49b11776036257b843eaacee2860a4ec
  languageName: node
  linkType: hard

"universalify@npm:^2.0.0":
  version: 2.0.0
  resolution: "universalify@npm:2.0.0"
  checksum: 2406a4edf4a8830aa6813278bab1f953a8e40f2f63a37873ffa9a3bc8f9745d06cc8e88f3572cb899b7e509013f7f6fcc3e37e8a6d914167a5381d8440518c44
  languageName: node
  linkType: hard

"util-deprecate@npm:~1.0.1":
  version: 1.0.2
  resolution: "util-deprecate@npm:1.0.2"
  checksum: 474acf1146cb2701fe3b074892217553dfcf9a031280919ba1b8d651a068c9b15d863b7303cb15bd00a862b498e6cf4ad7b4a08fb134edd5a6f7641681cb54a2
  languageName: node
  linkType: hard

"vscode-oniguruma@npm:^1.6.1":
  version: 1.6.2
  resolution: "vscode-oniguruma@npm:1.6.2"
  checksum: 6b754acdafd5b68242ea5938bb00a32effc16c77f471d4f0f337d879d0e8e592622998e2441f42d9a7ff799c1593f31c11f26ca8d9bf9917e3ca881d3c1f3e19
  languageName: node
  linkType: hard

"vscode-textmate@npm:5.2.0":
  version: 5.2.0
  resolution: "vscode-textmate@npm:5.2.0"
  checksum: 5449b42d451080f6f3649b66948f4b5ee4643c4e88cfe3558a3b31c84c78060cfdd288c4958c1690eaa5cd65d09992fa6b7c3bef9d4aa72b3651054a04624d20
  languageName: node
  linkType: hard

"which@npm:^1.2.12":
  version: 1.3.1
  resolution: "which@npm:1.3.1"
  dependencies:
    isexe: ^2.0.0
  bin:
    which: ./bin/which
  checksum: f2e185c6242244b8426c9df1510e86629192d93c1a986a7d2a591f2c24869e7ffd03d6dac07ca863b2e4c06f59a4cc9916c585b72ee9fa1aa609d0124df15e04
  languageName: node
  linkType: hard

"xtend@npm:~4.0.1":
  version: 4.0.2
  resolution: "xtend@npm:4.0.2"
  checksum: ac5dfa738b21f6e7f0dd6e65e1b3155036d68104e67e5d5d1bde74892e327d7e5636a076f625599dc394330a731861e87343ff184b0047fef1360a7ec0a5a36a
  languageName: node
  linkType: hard
