# This file is generated by running "yarn install" inside your project.
# Manual changes might be lost - proceed with caution!

__metadata:
  version: 6
  cacheKey: 8

"@types/debug@npm:^4.1.7":
  version: 4.1.7
  resolution: "@types/debug@npm:4.1.7"
  dependencies:
    "@types/ms": "*"
  checksum: 0a7b89d8ed72526858f0b61c6fd81f477853e8c4415bb97f48b1b5545248d2ae389931680b94b393b993a7cfe893537a200647d93defe6d87159b96812305adc
  languageName: node
  linkType: hard

"@types/fs-extra@npm:^9.0.13":
  version: 9.0.13
  resolution: "@types/fs-extra@npm:9.0.13"
  dependencies:
    "@types/node": "*"
  checksum: add79e212acd5ac76b97b9045834e03a7996aef60a814185e0459088fd290519a3c1620865d588fa36c4498bf614210d2a703af5cf80aa1dbc125db78f6edac3
  languageName: node
  linkType: hard

"@types/lodash-es@npm:^4.17.6":
  version: 4.17.6
  resolution: "@types/lodash-es@npm:4.17.6"
  dependencies:
    "@types/lodash": "*"
  checksum: 9bd239dd525086e278821949ce12fbdd4f100a060fed9323fc7ad5661113e1641f28a7ebab617230ed3474680d8f4de705c1928b48252bb684be6ec9eed715db
  languageName: node
  linkType: hard

"@types/lodash@npm:*":
  version: 4.14.168
  resolution: "@types/lodash@npm:4.14.168"
  checksum: 3326966ee089debde7a7d819e13b64991756e879945852c3357df14a7be837130f697c2cb451be9dd599eb7213fed0975bc9ca0f8f56b46fa73c46a83815b79c
  languageName: node
  linkType: hard

"@types/ms@npm:*":
  version: 0.7.31
  resolution: "@types/ms@npm:0.7.31"
  checksum: daadd354aedde024cce6f5aa873fefe7b71b22cd0e28632a69e8b677aeb48ae8caa1c60e5919bb781df040d116b01cb4316335167a3fc0ef6a63fa3614c0f6da
  languageName: node
  linkType: hard

"@types/node@npm:*":
  version: 14.6.4
  resolution: "@types/node@npm:14.6.4"
  checksum: 02962209acb8c82b17f5645290da5cc76ecfb6bfff87aa30b96abf55c4b9e2f643edb846bde18123be35f6fc74ca3d570dfd64ebb03b382fb009c51c32d64884
  languageName: node
  linkType: hard

"@types/node@npm:^18.0.5":
  version: 18.0.5
  resolution: "@types/node@npm:18.0.5"
  checksum: cc9c67d0074252f798d226dd95a22e0e8851cf7fc623ef4a603d9ad2c2b46650f930147062ea33719008b1de67f08f499ad693307d02f8396e6f1fead8144329
  languageName: node
  linkType: hard

"abort-controller@npm:^3.0.0":
  version: 3.0.0
  resolution: "abort-controller@npm:3.0.0"
  dependencies:
    event-target-shim: ^5.0.0
  checksum: 170bdba9b47b7e65906a28c8ce4f38a7a369d78e2271706f020849c1bfe0ee2067d4261df8bbb66eb84f79208fd5b710df759d64191db58cfba7ce8ef9c54b75
  languageName: node
  linkType: hard

"balanced-match@npm:^1.0.0":
  version: 1.0.0
  resolution: "balanced-match@npm:1.0.0"
  checksum: 9b67bfe558772f40cf743a3469b48b286aecec2ea9fe80c48d74845e53aab1cef524fafedf123a63019b49ac397760573ef5f173f539423061f7217cbb5fbd40
  languageName: node
  linkType: hard

"brace-expansion@npm:^2.0.1":
  version: 2.0.1
  resolution: "brace-expansion@npm:2.0.1"
  dependencies:
    balanced-match: ^1.0.0
  checksum: a61e7cd2e8a8505e9f0036b3b6108ba5e926b4b55089eeb5550cd04a471fe216c96d4fe7e4c7f995c728c554ae20ddfc4244cad10aef255e72b62930afd233d1
  languageName: node
  linkType: hard

"data-uri-to-buffer@npm:^4.0.0":
  version: 4.0.0
  resolution: "data-uri-to-buffer@npm:4.0.0"
  checksum: a010653869abe8bb51259432894ac62c52bf79ad761d418d94396f48c346f2ae739c46b254e8bb5987bded8a653d467db1968db3a69bab1d33aa5567baa5cfc7
  languageName: node
  linkType: hard

"debug@npm:^4.3.4":
  version: 4.3.4
  resolution: "debug@npm:4.3.4"
  dependencies:
    ms: 2.1.2
  peerDependenciesMeta:
    supports-color:
      optional: true
  checksum: 3dbad3f94ea64f34431a9cbf0bafb61853eda57bff2880036153438f50fb5a84f27683ba0d8e5426bf41a8c6ff03879488120cf5b3a761e77953169c0600a708
  languageName: node
  linkType: hard

"event-target-shim@npm:^5.0.0":
  version: 5.0.1
  resolution: "event-target-shim@npm:5.0.1"
  checksum: 1ffe3bb22a6d51bdeb6bf6f7cf97d2ff4a74b017ad12284cc9e6a279e727dc30a5de6bb613e5596ff4dc3e517841339ad09a7eec44266eccb1aa201a30448166
  languageName: node
  linkType: hard

"fast-xml-parser@npm:^4.2.4":
  version: 4.2.4
  resolution: "fast-xml-parser@npm:4.2.4"
  dependencies:
    strnum: ^1.0.5
  bin:
    fxparser: src/cli/cli.js
  checksum: d3b4d0c0152c09f98def792769fca6bb3fa1d597f9745d9564451c239089bd86bdf573c9263b4944860028cb7edb81752d64399c1aff8b87c9225ecef96905f7
  languageName: node
  linkType: hard

"fetch-blob@npm:^3.1.2, fetch-blob@npm:^3.1.4":
  version: 3.2.0
  resolution: "fetch-blob@npm:3.2.0"
  dependencies:
    node-domexception: ^1.0.0
    web-streams-polyfill: ^3.0.3
  checksum: f19bc28a2a0b9626e69fd7cf3a05798706db7f6c7548da657cbf5026a570945f5eeaedff52007ea35c8bcd3d237c58a20bf1543bc568ab2422411d762dd3d5bf
  languageName: node
  linkType: hard

"formdata-polyfill@npm:^4.0.10":
  version: 4.0.10
  resolution: "formdata-polyfill@npm:4.0.10"
  dependencies:
    fetch-blob: ^3.1.2
  checksum: 82a34df292afadd82b43d4a740ce387bc08541e0a534358425193017bf9fb3567875dc5f69564984b1da979979b70703aa73dee715a17b6c229752ae736dd9db
  languageName: node
  linkType: hard

"fs-extra@npm:^10.1.0":
  version: 10.1.0
  resolution: "fs-extra@npm:10.1.0"
  dependencies:
    graceful-fs: ^4.2.0
    jsonfile: ^6.0.1
    universalify: ^2.0.0
  checksum: dc94ab37096f813cc3ca12f0f1b5ad6744dfed9ed21e953d72530d103cea193c2f81584a39e9dee1bea36de5ee66805678c0dddc048e8af1427ac19c00fffc50
  languageName: node
  linkType: hard

"graceful-fs@npm:^4.1.6, graceful-fs@npm:^4.2.0":
  version: 4.2.2
  resolution: "graceful-fs@npm:4.2.2"
  checksum: dc4c5062b68c435e5f6580b8e9b2553941712320a1becf46b1e792010ae15a9323738690415483019fa820fc3de6a7ac7c8e6d8604488874ba0c2dccac6521a5
  languageName: node
  linkType: hard

"idrac6@workspace:.":
  version: 0.0.0-use.local
  resolution: "idrac6@workspace:."
  dependencies:
    "@types/debug": ^4.1.7
    "@types/fs-extra": ^9.0.13
    "@types/lodash-es": ^4.17.6
    "@types/node": ^18.0.5
    debug: ^4.3.4
    fast-xml-parser: ^4.2.4
    fs-extra: ^10.1.0
    ky: ^0.31.0
    ky-universal: ^0.10.1
    lodash-es: ^4.17.21
    prettier: ^2.7.1
    typedoc: ^0.23.7
    typescript: ^4.7.4
  languageName: unknown
  linkType: soft

"jsonc-parser@npm:^3.0.0":
  version: 3.1.0
  resolution: "jsonc-parser@npm:3.1.0"
  checksum: 81b00c565c60cb1b400523a918d42ad9c7bb3d9cf34c708bf78d37c8c496ecd670c3ff8828f2f60aa6e6627ef4287982794ddf92261ea71e320973c54b29fb22
  languageName: node
  linkType: hard

"jsonfile@npm:^6.0.1":
  version: 6.1.0
  resolution: "jsonfile@npm:6.1.0"
  dependencies:
    graceful-fs: ^4.1.6
    universalify: ^2.0.0
  dependenciesMeta:
    graceful-fs:
      optional: true
  checksum: 7af3b8e1ac8fe7f1eccc6263c6ca14e1966fcbc74b618d3c78a0a2075579487547b94f72b7a1114e844a1e15bb00d440e5d1720bfc4612d790a6f285d5ea8354
  languageName: node
  linkType: hard

"ky-universal@npm:^0.10.1":
  version: 0.10.1
  resolution: "ky-universal@npm:0.10.1"
  dependencies:
    abort-controller: ^3.0.0
    node-fetch: ^3.2.2
  peerDependencies:
    ky: ">=0.26.0"
    web-streams-polyfill: ">=3.0.1"
  peerDependenciesMeta:
    web-streams-polyfill:
      optional: true
  checksum: 61459a8bf62a9c3d2f3efe7893b9a621b21a68208acae6fb7f571d64a57be802d713a1cd147928e734b82539ffab23c12c8cffd6e5b2fa550c22e9d7510035b1
  languageName: node
  linkType: hard

"ky@npm:^0.31.0":
  version: 0.31.0
  resolution: "ky@npm:0.31.0"
  checksum: 11b66a37c94dfc768a79da2f6c6d0b39a721124506c83c4e051ffc485ad416accd40036cc7d28a88a8dab72381f73c8336dce8410101bbe3ddd9dab08f896646
  languageName: node
  linkType: hard

"lodash-es@npm:^4.17.21":
  version: 4.17.21
  resolution: "lodash-es@npm:4.17.21"
  checksum: 05cbffad6e2adbb331a4e16fbd826e7faee403a1a04873b82b42c0f22090f280839f85b95393f487c1303c8a3d2a010048bf06151a6cbe03eee4d388fb0a12d2
  languageName: node
  linkType: hard

"lunr@npm:^2.3.9":
  version: 2.3.9
  resolution: "lunr@npm:2.3.9"
  checksum: 176719e24fcce7d3cf1baccce9dd5633cd8bdc1f41ebe6a180112e5ee99d80373fe2454f5d4624d437e5a8319698ca6837b9950566e15d2cae5f2a543a3db4b8
  languageName: node
  linkType: hard

"marked@npm:^4.0.16":
  version: 4.0.18
  resolution: "marked@npm:4.0.18"
  bin:
    marked: bin/marked.js
  checksum: a13e886d5059a8500a6fd552feecc16e18fc3636aa491fce372384b1fdea67e323d67ac49f7618f6977e66ca96e39f27400eb5c1273d5ee9c2301e8c33e90dce
  languageName: node
  linkType: hard

"minimatch@npm:^5.1.0":
  version: 5.1.0
  resolution: "minimatch@npm:5.1.0"
  dependencies:
    brace-expansion: ^2.0.1
  checksum: 15ce53d31a06361e8b7a629501b5c75491bc2b59712d53e802b1987121d91b433d73fcc5be92974fde66b2b51d8fb28d75a9ae900d249feb792bb1ba2a4f0a90
  languageName: node
  linkType: hard

"ms@npm:2.1.2":
  version: 2.1.2
  resolution: "ms@npm:2.1.2"
  checksum: 673cdb2c3133eb050c745908d8ce632ed2c02d85640e2edb3ace856a2266a813b30c613569bf3354fdf4ea7d1a1494add3bfa95e2713baa27d0c2c71fc44f58f
  languageName: node
  linkType: hard

"node-domexception@npm:^1.0.0":
  version: 1.0.0
  resolution: "node-domexception@npm:1.0.0"
  checksum: ee1d37dd2a4eb26a8a92cd6b64dfc29caec72bff5e1ed9aba80c294f57a31ba4895a60fd48347cf17dd6e766da0ae87d75657dfd1f384ebfa60462c2283f5c7f
  languageName: node
  linkType: hard

"node-fetch@npm:^3.2.2":
  version: 3.2.8
  resolution: "node-fetch@npm:3.2.8"
  dependencies:
    data-uri-to-buffer: ^4.0.0
    fetch-blob: ^3.1.4
    formdata-polyfill: ^4.0.10
  checksum: 2f7fc3e59fbede43a273e988d2f2a3dd68160618114e32ad537477db253808b65221f1dbfd666b8fb33ff07bf1de9d6448035b0f8ada5ef876c5afec93b27318
  languageName: node
  linkType: hard

"prettier@npm:^2.7.1":
  version: 2.7.1
  resolution: "prettier@npm:2.7.1"
  bin:
    prettier: bin-prettier.js
  checksum: 55a4409182260866ab31284d929b3cb961e5fdb91fe0d2e099dac92eaecec890f36e524b4c19e6ceae839c99c6d7195817579cdffc8e2c80da0cb794463a748b
  languageName: node
  linkType: hard

"shiki@npm:^0.10.1":
  version: 0.10.1
  resolution: "shiki@npm:0.10.1"
  dependencies:
    jsonc-parser: ^3.0.0
    vscode-oniguruma: ^1.6.1
    vscode-textmate: 5.2.0
  checksum: fb746f3cb3de7e545e3b10a6cb658d3938f840e4ccc9a3c90ceb7e69a8f89dbb432171faac1e9f02a03f103684dad88ee5e54b5c4964fa6b579fca6e8e26424d
  languageName: node
  linkType: hard

"strnum@npm:^1.0.5":
  version: 1.0.5
  resolution: "strnum@npm:1.0.5"
  checksum: 651b2031db5da1bf4a77fdd2f116a8ac8055157c5420f5569f64879133825915ad461513e7202a16d7fec63c54fd822410d0962f8ca12385c4334891b9ae6dd2
  languageName: node
  linkType: hard

"typedoc@npm:^0.23.7":
  version: 0.23.7
  resolution: "typedoc@npm:0.23.7"
  dependencies:
    lunr: ^2.3.9
    marked: ^4.0.16
    minimatch: ^5.1.0
    shiki: ^0.10.1
  peerDependencies:
    typescript: 4.6.x || 4.7.x
  bin:
    typedoc: bin/typedoc
  checksum: 70e4462602a989c51657111db8689947d7ac0e938b2edee1045b279808c56a6ffd2d42ed0f8080645e28bc8c84f82cb3faec54ea5cc5b5fd62d2fc4ea4548297
  languageName: node
  linkType: hard

"typescript@npm:^4.7.4":
  version: 4.7.4
  resolution: "typescript@npm:4.7.4"
  bin:
    tsc: bin/tsc
    tsserver: bin/tsserver
  checksum: 5750181b1cd7e6482c4195825547e70f944114fb47e58e4aa7553e62f11b3f3173766aef9c281783edfd881f7b8299cf35e3ca8caebe73d8464528c907a164df
  languageName: node
  linkType: hard

"typescript@patch:typescript@^4.7.4#~builtin<compat/typescript>":
  version: 4.7.4
  resolution: "typescript@patch:typescript@npm%3A4.7.4#~builtin<compat/typescript>::version=4.7.4&hash=7ad353"
  bin:
    tsc: bin/tsc
    tsserver: bin/tsserver
  checksum: 9096d8f6c16cb80ef3bf96fcbbd055bf1c4a43bd14f3b7be45a9fbe7ada46ec977f604d5feed3263b4f2aa7d4c7477ce5f9cd87de0d6feedec69a983f3a4f93e
  languageName: node
  linkType: hard

"universalify@npm:^2.0.0":
  version: 2.0.0
  resolution: "universalify@npm:2.0.0"
  checksum: 2406a4edf4a8830aa6813278bab1f953a8e40f2f63a37873ffa9a3bc8f9745d06cc8e88f3572cb899b7e509013f7f6fcc3e37e8a6d914167a5381d8440518c44
  languageName: node
  linkType: hard

"vscode-oniguruma@npm:^1.6.1":
  version: 1.6.2
  resolution: "vscode-oniguruma@npm:1.6.2"
  checksum: 6b754acdafd5b68242ea5938bb00a32effc16c77f471d4f0f337d879d0e8e592622998e2441f42d9a7ff799c1593f31c11f26ca8d9bf9917e3ca881d3c1f3e19
  languageName: node
  linkType: hard

"vscode-textmate@npm:5.2.0":
  version: 5.2.0
  resolution: "vscode-textmate@npm:5.2.0"
  checksum: 5449b42d451080f6f3649b66948f4b5ee4643c4e88cfe3558a3b31c84c78060cfdd288c4958c1690eaa5cd65d09992fa6b7c3bef9d4aa72b3651054a04624d20
  languageName: node
  linkType: hard

"web-streams-polyfill@npm:^3.0.3":
  version: 3.2.1
  resolution: "web-streams-polyfill@npm:3.2.1"
  checksum: b119c78574b6d65935e35098c2afdcd752b84268e18746606af149e3c424e15621b6f1ff0b42b2676dc012fc4f0d313f964b41a4b5031e525faa03997457da02
  languageName: node
  linkType: hard
